# This file is generated by running "yarn install" inside your project.
# Manual changes might be lost - proceed with caution!

__metadata:
  version: 6
  cacheKey: 8

"ansi-styles@npm:^6.1.0":
  version: 6.2.1
  resolution: "ansi-styles@npm:6.2.1"
  checksum: ef940f2f0ced1a6347398da88a91da7930c33ecac3c77b72c5905f8b8fe402c52e6fde304ff5347f616e27a742da3f1dc76de98f6866c69251ad0b07a66776d9
  languageName: node
  linkType: hard

"chalk@https://github.com/wapj/chalk":
  version: 5.0.0
  resolution: "chalk@https://github.com/wapj/chalk.git#commit=1eae5be2b9a0db207301bbba3591bd810755f15d"
  dependencies:
    ansi-styles: ^6.1.0
    supports-color: ^9.2.1
  checksum: fa1cdeda4e928a04dea2f61edab303ad282e5dbb442af6be91622c6c8060b96bc7f721a7f026aa9bd98253335c71bc17bbb85bec7adfab392f4918ce564ef210
  languageName: node
  linkType: hard

"supports-color@npm:^9.2.1":
  version: 9.3.1
  resolution: "supports-color@npm:9.3.1"
  checksum: 00c4d1082a7ba0ee21cba1d4e4a466642635412e40476777b530aa5110d035e99a420cd048e1fb6811f2254c0946095fbb87a1eccf1af1d1ca45ab0a4535db93
  languageName: node
  linkType: hard

"test-yarn@workspace:.":
  version: 0.0.0-use.local
  resolution: "test-yarn@workspace:."
  dependencies:
    chalk: "https://github.com/wapj/chalk"
  languageName: unknown
  linkType: soft
